
Microsoft Visual Studio Solution File, Format Version 12.00
# Visual Studio Version 17
VisualStudioVersion = 17.6.33829.357
MinimumVisualStudioVersion = 10.0.40219.1
Project("{FAE04EC0-301F-11D3-BF4B-00C04F79EFBC}") = "NguyenQuocHungThinh_19_ThiCSharp", "NguyenQuocHungThinh_19_ThiCSharp.csproj", "{92B9CF5F-6F64-4AB2-9448-531810663F36}"
EndProject
Global
	GlobalSection(SolutionConfigurationPlatforms) = preSolution
		Debug|Any CPU = Debug|Any CPU
		Release|Any CPU = Release|Any CPU
	EndGlobalSection
	GlobalSection(ProjectConfigurationPlatforms) = postSolution
		{92B9CF5F-6F64-4AB2-9448-531810663F36}.Debug|Any CPU.ActiveCfg = Debug|Any CPU
		{92B9CF5F-6F64-4AB2-9448-531810663F36}.Debug|Any CPU.Build.0 = Debug|Any CPU
		{92B9CF5F-6F64-4AB2-9448-531810663F36}.Release|Any CPU.ActiveCfg = Release|Any CPU
		{92B9CF5F-6F64-4AB2-9448-531810663F36}.Release|Any CPU.Build.0 = Release|Any CPU
	EndGlobalSection
	GlobalSection(SolutionProperties) = preSolution
		HideSolutionNode = FALSE
	EndGlobalSection
	GlobalSection(ExtensibilityGlobals) = postSolution
		SolutionGuid = {CDCD095D-5BE6-484E-8D5E-9ED9C225B467}
	EndGlobalSection
EndGlobal
